
Microsoft Visual Studio Solution File, Format Version 12.00
# Visual Studio Version 16
VisualStudioVersion = 16.0.30320.27
MinimumVisualStudioVersion = 10.0.40219.1
Project("{FAE04EC0-301F-11D3-BF4B-00C04F79EFBC}") = "JobTrakker", "JobTrakker.csproj", "{F7F50A90-1257-4902-9AFE-79E83EC58039}"
EndProject
Project("{00D1A9C2-B5F0-4AF3-8072-F6C62B433612}") = "DatabasejobTrakker", "DatabasejobTrakker\DatabasejobTrakker.sqlproj", "{00D1EFED-3707-4B13-BB42-51C9B0858614}"
EndProject
Global
	GlobalSection(SolutionConfigurationPlatforms) = preSolution
		Debug|Any CPU = Debug|Any CPU
		Release|Any CPU = Release|Any CPU
	EndGlobalSection
	GlobalSection(ProjectConfigurationPlatforms) = postSolution
		{F7F50A90-1257-4902-9AFE-79E83EC58039}.Debug|Any CPU.ActiveCfg = Debug|Any CPU
		{F7F50A90-1257-4902-9AFE-79E83EC58039}.Debug|Any CPU.Build.0 = Debug|Any CPU
		{F7F50A90-1257-4902-9AFE-79E83EC58039}.Release|Any CPU.ActiveCfg = Release|Any CPU
		{F7F50A90-1257-4902-9AFE-79E83EC58039}.Release|Any CPU.Build.0 = Release|Any CPU
		{00D1EFED-3707-4B13-BB42-51C9B0858614}.Debug|Any CPU.ActiveCfg = Debug|Any CPU
		{00D1EFED-3707-4B13-BB42-51C9B0858614}.Debug|Any CPU.Build.0 = Debug|Any CPU
		{00D1EFED-3707-4B13-BB42-51C9B0858614}.Debug|Any CPU.Deploy.0 = Debug|Any CPU
		{00D1EFED-3707-4B13-BB42-51C9B0858614}.Release|Any CPU.ActiveCfg = Release|Any CPU
		{00D1EFED-3707-4B13-BB42-51C9B0858614}.Release|Any CPU.Build.0 = Release|Any CPU
		{00D1EFED-3707-4B13-BB42-51C9B0858614}.Release|Any CPU.Deploy.0 = Release|Any CPU
	EndGlobalSection
	GlobalSection(SolutionProperties) = preSolution
		HideSolutionNode = FALSE
	EndGlobalSection
	GlobalSection(ExtensibilityGlobals) = postSolution
		SolutionGuid = {29BF3800-B72A-415F-B1A4-1121FCA1F217}
	EndGlobalSection
EndGlobal
